// !$*UTF8*$!
{
	archiveVersion = 1;
	classes = {
	};
	objectVersion = 56;
	objects = {

/* Begin PBXBuildFile section */
		59303D582A52B9C6008FC1DB /* StableDiffusion in Frameworks */ = {isa = PBXBuildFile; productRef = 59303D572A52B9C6008FC1DB /* StableDiffusion */; };
		5930D71C2A4B6B9B00E1DD13 /* AppDelegate.swift in Sources */ = {isa = PBXBuildFile; fileRef = 5930D71B2A4B6B9B00E1DD13 /* AppDelegate.swift */; };
		5930D71E2A4B6B9B00E1DD13 /* SceneDelegate.swift in Sources */ = {isa = PBXBuildFile; fileRef = 5930D71D2A4B6B9B00E1DD13 /* SceneDelegate.swift */; };
		5930D7202A4B6B9B00E1DD13 /* ViewController.swift in Sources */ = {isa = PBXBuildFile; fileRef = 5930D71F2A4B6B9B00E1DD13 /* ViewController.swift */; };
		5930D7232A4B6B9B00E1DD13 /* Main.storyboard in Resources */ = {isa = PBXBuildFile; fileRef = 5930D7212A4B6B9B00E1DD13 /* Main.storyboard */; };
		5930D7252A4B6B9C00E1DD13 /* Assets.xcassets in Resources */ = {isa = PBXBuildFile; fileRef = 5930D7242A4B6B9C00E1DD13 /* Assets.xcassets */; };
		5930D7282A4B6B9C00E1DD13 /* LaunchScreen.storyboard in Resources */ = {isa = PBXBuildFile; fileRef = 5930D7262A4B6B9C00E1DD13 /* LaunchScreen.storyboard */; };
		593C95C32A5172A600FB6E90 /* TraslatorUK2EN.swift in Sources */ = {isa = PBXBuildFile; fileRef = 593C95C22A5172A500FB6E90 /* TraslatorUK2EN.swift */; };
		593C95C52A519D7400FB6E90 /* ImageGenerator.swift in Sources */ = {isa = PBXBuildFile; fileRef = 593C95C42A519D7300FB6E90 /* ImageGenerator.swift */; };
		59DEF7A42A52DB4F00EDE2F1 /* APIResponse.swift in Sources */ = {isa = PBXBuildFile; fileRef = 59DEF7A32A52DB4F00EDE2F1 /* APIResponse.swift */; };
		59DEF7A62A52DB5A00EDE2F1 /* Networking.swift in Sources */ = {isa = PBXBuildFile; fileRef = 59DEF7A52A52DB5A00EDE2F1 /* Networking.swift */; };
		59EF5CC42A52D4C300F88794 /* CoreMLModels in Resources */ = {isa = PBXBuildFile; fileRef = 59EF5CC32A52D4C300F88794 /* CoreMLModels */; };
		59F233652A4F2B6B00494C98 /* SpeechRecognizer.swift in Sources */ = {isa = PBXBuildFile; fileRef = 59F233642A4F2B6B00494C98 /* SpeechRecognizer.swift */; };
		59F233672A4F2C5100494C98 /* StoryRecordingView.swift in Sources */ = {isa = PBXBuildFile; fileRef = 59F233662A4F2C5100494C98 /* StoryRecordingView.swift */; };
		9476DFC1240B613C97DA35AD /* Pods_SpeechToImage.framework in Frameworks */ = {isa = PBXBuildFile; fileRef = 0CF34FBFA85DD578C2D1DB1F /* Pods_SpeechToImage.framework */; };
/* End PBXBuildFile section */

/* Begin PBXFileReference section */
		0CF34FBFA85DD578C2D1DB1F /* Pods_SpeechToImage.framework */ = {isa = PBXFileReference; explicitFileType = wrapper.framework; includeInIndex = 0; path = Pods_SpeechToImage.framework; sourceTree = BUILT_PRODUCTS_DIR; };
		324AE3AF02C6A5E984922F9F /* Pods-SpeechToImage.release.xcconfig */ = {isa = PBXFileReference; includeInIndex = 1; lastKnownFileType = text.xcconfig; name = "Pods-SpeechToImage.release.xcconfig"; path = "Target Support Files/Pods-SpeechToImage/Pods-SpeechToImage.release.xcconfig"; sourceTree = "<group>"; };
		5930D7182A4B6B9B00E1DD13 /* SpeechToImage.app */ = {isa = PBXFileReference; explicitFileType = wrapper.application; includeInIndex = 0; path = SpeechToImage.app; sourceTree = BUILT_PRODUCTS_DIR; };
		5930D71B2A4B6B9B00E1DD13 /* AppDelegate.swift */ = {isa = PBXFileReference; lastKnownFileType = sourcecode.swift; path = AppDelegate.swift; sourceTree = "<group>"; };
		5930D71D2A4B6B9B00E1DD13 /* SceneDelegate.swift */ = {isa = PBXFileReference; lastKnownFileType = sourcecode.swift; path = SceneDelegate.swift; sourceTree = "<group>"; };
		5930D71F2A4B6B9B00E1DD13 /* ViewController.swift */ = {isa = PBXFileReference; lastKnownFileType = sourcecode.swift; path = ViewController.swift; sourceTree = "<group>"; };
		5930D7222A4B6B9B00E1DD13 /* Base */ = {isa = PBXFileReference; lastKnownFileType = file.storyboard; name = Base; path = Base.lproj/Main.storyboard; sourceTree = "<group>"; };
		5930D7242A4B6B9C00E1DD13 /* Assets.xcassets */ = {isa = PBXFileReference; lastKnownFileType = folder.assetcatalog; path = Assets.xcassets; sourceTree = "<group>"; };
		5930D7272A4B6B9C00E1DD13 /* Base */ = {isa = PBXFileReference; lastKnownFileType = file.storyboard; name = Base; path = Base.lproj/LaunchScreen.storyboard; sourceTree = "<group>"; };
		5930D7292A4B6B9C00E1DD13 /* Info.plist */ = {isa = PBXFileReference; lastKnownFileType = text.plist.xml; path = Info.plist; sourceTree = "<group>"; };
		593C95C22A5172A500FB6E90 /* TraslatorUK2EN.swift */ = {isa = PBXFileReference; lastKnownFileType = sourcecode.swift; path = TraslatorUK2EN.swift; sourceTree = "<group>"; };
		593C95C42A519D7300FB6E90 /* ImageGenerator.swift */ = {isa = PBXFileReference; lastKnownFileType = sourcecode.swift; path = ImageGenerator.swift; sourceTree = "<group>"; };
		59DEF7A32A52DB4F00EDE2F1 /* APIResponse.swift */ = {isa = PBXFileReference; fileEncoding = 4; lastKnownFileType = sourcecode.swift; path = APIResponse.swift; sourceTree = "<group>"; };
		59DEF7A52A52DB5A00EDE2F1 /* Networking.swift */ = {isa = PBXFileReference; fileEncoding = 4; lastKnownFileType = sourcecode.swift; path = Networking.swift; sourceTree = "<group>"; };
		59DEF7A92A52E16300EDE2F1 /* SpeechToImage.entitlements */ = {isa = PBXFileReference; lastKnownFileType = text.plist.entitlements; path = SpeechToImage.entitlements; sourceTree = "<group>"; };
		59EF5CC32A52D4C300F88794 /* CoreMLModels */ = {isa = PBXFileReference; lastKnownFileType = folder; path = CoreMLModels; sourceTree = "<group>"; };
		59F233642A4F2B6B00494C98 /* SpeechRecognizer.swift */ = {isa = PBXFileReference; lastKnownFileType = sourcecode.swift; path = SpeechRecognizer.swift; sourceTree = "<group>"; };
		59F233662A4F2C5100494C98 /* StoryRecordingView.swift */ = {isa = PBXFileReference; lastKnownFileType = sourcecode.swift; path = StoryRecordingView.swift; sourceTree = "<group>"; };
		C665E20933D0820210A5B806 /* Pods-SpeechToImage.debug.xcconfig */ = {isa = PBXFileReference; includeInIndex = 1; lastKnownFileType = text.xcconfig; name = "Pods-SpeechToImage.debug.xcconfig"; path = "Target Support Files/Pods-SpeechToImage/Pods-SpeechToImage.debug.xcconfig"; sourceTree = "<group>"; };
/* End PBXFileReference section */

/* Begin PBXFrameworksBuildPhase section */
		5930D7152A4B6B9A00E1DD13 /* Frameworks */ = {
			isa = PBXFrameworksBuildPhase;
			buildActionMask = 2147483647;
			files = (
				9476DFC1240B613C97DA35AD /* Pods_SpeechToImage.framework in Frameworks */,
				59303D582A52B9C6008FC1DB /* StableDiffusion in Frameworks */,
			);
			runOnlyForDeploymentPostprocessing = 0;
		};
/* End PBXFrameworksBuildPhase section */

/* Begin PBXGroup section */
		521B4A594867B311300A54D5 /* Frameworks */ = {
			isa = PBXGroup;
			children = (
				0CF34FBFA85DD578C2D1DB1F /* Pods_SpeechToImage.framework */,
			);
			name = Frameworks;
			sourceTree = "<group>";
		};
		5930D70F2A4B6B9A00E1DD13 = {
			isa = PBXGroup;
			children = (
				5930D71A2A4B6B9B00E1DD13 /* SpeechToImage */,
				5930D7192A4B6B9B00E1DD13 /* Products */,
				BA803C1EE0D0F4A0D67E557A /* Pods */,
				521B4A594867B311300A54D5 /* Frameworks */,
			);
			sourceTree = "<group>";
		};
		5930D7192A4B6B9B00E1DD13 /* Products */ = {
			isa = PBXGroup;
			children = (
				5930D7182A4B6B9B00E1DD13 /* SpeechToImage.app */,
			);
			name = Products;
			sourceTree = "<group>";
		};
		5930D71A2A4B6B9B00E1DD13 /* SpeechToImage */ = {
			isa = PBXGroup;
			children = (
				59DEF7A92A52E16300EDE2F1 /* SpeechToImage.entitlements */,
				5930D71B2A4B6B9B00E1DD13 /* AppDelegate.swift */,
				5930D71D2A4B6B9B00E1DD13 /* SceneDelegate.swift */,
				5930D71F2A4B6B9B00E1DD13 /* ViewController.swift */,
				5930D7212A4B6B9B00E1DD13 /* Main.storyboard */,
				5930D7242A4B6B9C00E1DD13 /* Assets.xcassets */,
				5930D7292A4B6B9C00E1DD13 /* Info.plist */,
				5930D7262A4B6B9C00E1DD13 /* LaunchScreen.storyboard */,
				59DEF7A72A52DB6C00EDE2F1 /* Views */,
				59DEF7A82A52DBA300EDE2F1 /* Controllers */,
				59DEF7A22A52DB3400EDE2F1 /* DeepaiTries */,
				59EF5CC32A52D4C300F88794 /* CoreMLModels */,
			);
			path = SpeechToImage;
			sourceTree = "<group>";
		};
		59DEF7A22A52DB3400EDE2F1 /* DeepaiTries */ = {
			isa = PBXGroup;
			children = (
				59DEF7A32A52DB4F00EDE2F1 /* APIResponse.swift */,
				59DEF7A52A52DB5A00EDE2F1 /* Networking.swift */,
			);
			path = DeepaiTries;
			sourceTree = "<group>";
		};
		59DEF7A72A52DB6C00EDE2F1 /* Views */ = {
			isa = PBXGroup;
			children = (
				59F233662A4F2C5100494C98 /* StoryRecordingView.swift */,
			);
			path = Views;
			sourceTree = "<group>";
		};
		59DEF7A82A52DBA300EDE2F1 /* Controllers */ = {
			isa = PBXGroup;
			children = (
				59F233642A4F2B6B00494C98 /* SpeechRecognizer.swift */,
				593C95C22A5172A500FB6E90 /* TraslatorUK2EN.swift */,
				593C95C42A519D7300FB6E90 /* ImageGenerator.swift */,
			);
			path = Controllers;
			sourceTree = "<group>";
		};
		BA803C1EE0D0F4A0D67E557A /* Pods */ = {
			isa = PBXGroup;
			children = (
				C665E20933D0820210A5B806 /* Pods-SpeechToImage.debug.xcconfig */,
				324AE3AF02C6A5E984922F9F /* Pods-SpeechToImage.release.xcconfig */,
			);
			path = Pods;
			sourceTree = "<group>";
		};
/* End PBXGroup section */

/* Begin PBXNativeTarget section */
		5930D7172A4B6B9A00E1DD13 /* SpeechToImage */ = {
			isa = PBXNativeTarget;
			buildConfigurationList = 5930D72C2A4B6B9C00E1DD13 /* Build configuration list for PBXNativeTarget "SpeechToImage" */;
			buildPhases = (
				9EED92DCB601E3D7B3C286FD /* [CP] Check Pods Manifest.lock */,
				5930D7142A4B6B9A00E1DD13 /* Sources */,
				5930D7152A4B6B9A00E1DD13 /* Frameworks */,
				5930D7162A4B6B9A00E1DD13 /* Resources */,
				B8A273905DC4D0DEC7C39FC5 /* [CP] Embed Pods Frameworks */,
				2F8FF2DE668C3BD407921CC7 /* [CP] Copy Pods Resources */,
			);
			buildRules = (
			);
			dependencies = (
			);
			name = SpeechToImage;
			packageProductDependencies = (
				59303D572A52B9C6008FC1DB /* StableDiffusion */,
			);
			productName = SpeechToImage;
			productReference = 5930D7182A4B6B9B00E1DD13 /* SpeechToImage.app */;
			productType = "com.apple.product-type.application";
		};
/* End PBXNativeTarget section */

/* Begin PBXProject section */
		5930D7102A4B6B9A00E1DD13 /* Project object */ = {
			isa = PBXProject;
			attributes = {
				BuildIndependentTargetsInParallel = 1;
				LastSwiftUpdateCheck = 1430;
				LastUpgradeCheck = 1430;
				TargetAttributes = {
					5930D7172A4B6B9A00E1DD13 = {
						CreatedOnToolsVersion = 14.3.1;
					};
				};
			};
			buildConfigurationList = 5930D7132A4B6B9A00E1DD13 /* Build configuration list for PBXProject "SpeechToImage" */;
			compatibilityVersion = "Xcode 14.0";
			developmentRegion = en;
			hasScannedForEncodings = 0;
			knownRegions = (
				en,
				Base,
			);
			mainGroup = 5930D70F2A4B6B9A00E1DD13;
			packageReferences = (
				59303D562A52B9C6008FC1DB /* XCRemoteSwiftPackageReference "ml-stable-diffusion" */,
			);
			productRefGroup = 5930D7192A4B6B9B00E1DD13 /* Products */;
			projectDirPath = "";
			projectRoot = "";
			targets = (
				5930D7172A4B6B9A00E1DD13 /* SpeechToImage */,
			);
		};
/* End PBXProject section */

/* Begin PBXResourcesBuildPhase section */
		5930D7162A4B6B9A00E1DD13 /* Resources */ = {
			isa = PBXResourcesBuildPhase;
			buildActionMask = 2147483647;
			files = (
				5930D7282A4B6B9C00E1DD13 /* LaunchScreen.storyboard in Resources */,
				5930D7252A4B6B9C00E1DD13 /* Assets.xcassets in Resources */,
				59EF5CC42A52D4C300F88794 /* CoreMLModels in Resources */,
				5930D7232A4B6B9B00E1DD13 /* Main.storyboard in Resources */,
			);
			runOnlyForDeploymentPostprocessing = 0;
		};
/* End PBXResourcesBuildPhase section */

/* Begin PBXShellScriptBuildPhase section */
		2F8FF2DE668C3BD407921CC7 /* [CP] Copy Pods Resources */ = {
			isa = PBXShellScriptBuildPhase;
			buildActionMask = 2147483647;
			files = (
			);
			inputFileListPaths = (
				"${PODS_ROOT}/Target Support Files/Pods-SpeechToImage/Pods-SpeechToImage-resources-${CONFIGURATION}-input-files.xcfilelist",
			);
			name = "[CP] Copy Pods Resources";
			outputFileListPaths = (
				"${PODS_ROOT}/Target Support Files/Pods-SpeechToImage/Pods-SpeechToImage-resources-${CONFIGURATION}-output-files.xcfilelist",
			);
			runOnlyForDeploymentPostprocessing = 0;
			shellPath = /bin/sh;
			shellScript = "\"${PODS_ROOT}/Target Support Files/Pods-SpeechToImage/Pods-SpeechToImage-resources.sh\"\n";
			showEnvVarsInLog = 0;
		};
		9EED92DCB601E3D7B3C286FD /* [CP] Check Pods Manifest.lock */ = {
			isa = PBXShellScriptBuildPhase;
			buildActionMask = 2147483647;
			files = (
			);
			inputFileListPaths = (
			);
			inputPaths = (
				"${PODS_PODFILE_DIR_PATH}/Podfile.lock",
				"${PODS_ROOT}/Manifest.lock",
			);
			name = "[CP] Check Pods Manifest.lock";
			outputFileListPaths = (
			);
			outputPaths = (
				"$(DERIVED_FILE_DIR)/Pods-SpeechToImage-checkManifestLockResult.txt",
			);
			runOnlyForDeploymentPostprocessing = 0;
			shellPath = /bin/sh;
			shellScript = "diff \"${PODS_PODFILE_DIR_PATH}/Podfile.lock\" \"${PODS_ROOT}/Manifest.lock\" > /dev/null\nif [ $? != 0 ] ; then\n    # print error to STDERR\n    echo \"error: The sandbox is not in sync with the Podfile.lock. Run 'pod install' or update your CocoaPods installation.\" >&2\n    exit 1\nfi\n# This output is used by Xcode 'outputs' to avoid re-running this script phase.\necho \"SUCCESS\" > \"${SCRIPT_OUTPUT_FILE_0}\"\n";
			showEnvVarsInLog = 0;
		};
		B8A273905DC4D0DEC7C39FC5 /* [CP] Embed Pods Frameworks */ = {
			isa = PBXShellScriptBuildPhase;
			buildActionMask = 2147483647;
			files = (
			);
			inputFileListPaths = (
				"${PODS_ROOT}/Target Support Files/Pods-SpeechToImage/Pods-SpeechToImage-frameworks-${CONFIGURATION}-input-files.xcfilelist",
			);
			name = "[CP] Embed Pods Frameworks";
			outputFileListPaths = (
				"${PODS_ROOT}/Target Support Files/Pods-SpeechToImage/Pods-SpeechToImage-frameworks-${CONFIGURATION}-output-files.xcfilelist",
			);
			runOnlyForDeploymentPostprocessing = 0;
			shellPath = /bin/sh;
			shellScript = "\"${PODS_ROOT}/Target Support Files/Pods-SpeechToImage/Pods-SpeechToImage-frameworks.sh\"\n";
			showEnvVarsInLog = 0;
		};
/* End PBXShellScriptBuildPhase section */

/* Begin PBXSourcesBuildPhase section */
		5930D7142A4B6B9A00E1DD13 /* Sources */ = {
			isa = PBXSourcesBuildPhase;
			buildActionMask = 2147483647;
			files = (
				5930D7202A4B6B9B00E1DD13 /* ViewController.swift in Sources */,
				59DEF7A62A52DB5A00EDE2F1 /* Networking.swift in Sources */,
				59F233672A4F2C5100494C98 /* StoryRecordingView.swift in Sources */,
				59F233652A4F2B6B00494C98 /* SpeechRecognizer.swift in Sources */,
				5930D71C2A4B6B9B00E1DD13 /* AppDelegate.swift in Sources */,
				593C95C32A5172A600FB6E90 /* TraslatorUK2EN.swift in Sources */,
				5930D71E2A4B6B9B00E1DD13 /* SceneDelegate.swift in Sources */,
				593C95C52A519D7400FB6E90 /* ImageGenerator.swift in Sources */,
				59DEF7A42A52DB4F00EDE2F1 /* APIResponse.swift in Sources */,
			);
			runOnlyForDeploymentPostprocessing = 0;
		};
/* End PBXSourcesBuildPhase section */

/* Begin PBXVariantGroup section */
		5930D7212A4B6B9B00E1DD13 /* Main.storyboard */ = {
			isa = PBXVariantGroup;
			children = (
				5930D7222A4B6B9B00E1DD13 /* Base */,
			);
			name = Main.storyboard;
			sourceTree = "<group>";
		};
		5930D7262A4B6B9C00E1DD13 /* LaunchScreen.storyboard */ = {
			isa = PBXVariantGroup;
			children = (
				5930D7272A4B6B9C00E1DD13 /* Base */,
			);
			name = LaunchScreen.storyboard;
			sourceTree = "<group>";
		};
/* End PBXVariantGroup section */

/* Begin XCBuildConfiguration section */
		5930D72A2A4B6B9C00E1DD13 /* Debug */ = {
			isa = XCBuildConfiguration;
			buildSettings = {
				ALWAYS_SEARCH_USER_PATHS = NO;
				CLANG_ANALYZER_NONNULL = YES;
				CLANG_ANALYZER_NUMBER_OBJECT_CONVERSION = YES_AGGRESSIVE;
				CLANG_CXX_LANGUAGE_STANDARD = "gnu++20";
				CLANG_ENABLE_MODULES = YES;
				CLANG_ENABLE_OBJC_ARC = YES;
				CLANG_ENABLE_OBJC_WEAK = YES;
				CLANG_WARN_BLOCK_CAPTURE_AUTORELEASING = YES;
				CLANG_WARN_BOOL_CONVERSION = YES;
				CLANG_WARN_COMMA = YES;
				CLANG_WARN_CONSTANT_CONVERSION = YES;
				CLANG_WARN_DEPRECATED_OBJC_IMPLEMENTATIONS = YES;
				CLANG_WARN_DIRECT_OBJC_ISA_USAGE = YES_ERROR;
				CLANG_WARN_DOCUMENTATION_COMMENTS = YES;
				CLANG_WARN_EMPTY_BODY = YES;
				CLANG_WARN_ENUM_CONVERSION = YES;
				CLANG_WARN_INFINITE_RECURSION = YES;
				CLANG_WARN_INT_CONVERSION = YES;
				CLANG_WARN_NON_LITERAL_NULL_CONVERSION = YES;
				CLANG_WARN_OBJC_IMPLICIT_RETAIN_SELF = YES;
				CLANG_WARN_OBJC_LITERAL_CONVERSION = YES;
				CLANG_WARN_OBJC_ROOT_CLASS = YES_ERROR;
				CLANG_WARN_QUOTED_INCLUDE_IN_FRAMEWORK_HEADER = YES;
				CLANG_WARN_RANGE_LOOP_ANALYSIS = YES;
				CLANG_WARN_STRICT_PROTOTYPES = YES;
				CLANG_WARN_SUSPICIOUS_MOVE = YES;
				CLANG_WARN_UNGUARDED_AVAILABILITY = YES_AGGRESSIVE;
				CLANG_WARN_UNREACHABLE_CODE = YES;
				CLANG_WARN__DUPLICATE_METHOD_MATCH = YES;
				COPY_PHASE_STRIP = NO;
				DEBUG_INFORMATION_FORMAT = dwarf;
				ENABLE_STRICT_OBJC_MSGSEND = YES;
				ENABLE_TESTABILITY = YES;
				GCC_C_LANGUAGE_STANDARD = gnu11;
				GCC_DYNAMIC_NO_PIC = NO;
				GCC_NO_COMMON_BLOCKS = YES;
				GCC_OPTIMIZATION_LEVEL = 0;
				GCC_PREPROCESSOR_DEFINITIONS = (
					"DEBUG=1",
					"$(inherited)",
				);
				GCC_WARN_64_TO_32_BIT_CONVERSION = YES;
				GCC_WARN_ABOUT_RETURN_TYPE = YES_ERROR;
				GCC_WARN_UNDECLARED_SELECTOR = YES;
				GCC_WARN_UNINITIALIZED_AUTOS = YES_AGGRESSIVE;
				GCC_WARN_UNUSED_FUNCTION = YES;
				GCC_WARN_UNUSED_VARIABLE = YES;
				IPHONEOS_DEPLOYMENT_TARGET = 16.4;
				MTL_ENABLE_DEBUG_INFO = INCLUDE_SOURCE;
				MTL_FAST_MATH = YES;
				ONLY_ACTIVE_ARCH = YES;
				SDKROOT = iphoneos;
				SWIFT_ACTIVE_COMPILATION_CONDITIONS = DEBUG;
				SWIFT_OPTIMIZATION_LEVEL = "-Onone";
			};
			name = Debug;
		};
		5930D72B2A4B6B9C00E1DD13 /* Release */ = {
			isa = XCBuildConfiguration;
			buildSettings = {
				ALWAYS_SEARCH_USER_PATHS = NO;
				CLANG_ANALYZER_NONNULL = YES;
				CLANG_ANALYZER_NUMBER_OBJECT_CONVERSION = YES_AGGRESSIVE;
				CLANG_CXX_LANGUAGE_STANDARD = "gnu++20";
				CLANG_ENABLE_MODULES = YES;
				CLANG_ENABLE_OBJC_ARC = YES;
				CLANG_ENABLE_OBJC_WEAK = YES;
				CLANG_WARN_BLOCK_CAPTURE_AUTORELEASING = YES;
				CLANG_WARN_BOOL_CONVERSION = YES;
				CLANG_WARN_COMMA = YES;
				CLANG_WARN_CONSTANT_CONVERSION = YES;
				CLANG_WARN_DEPRECATED_OBJC_IMPLEMENTATIONS = YES;
				CLANG_WARN_DIRECT_OBJC_ISA_USAGE = YES_ERROR;
				CLANG_WARN_DOCUMENTATION_COMMENTS = YES;
				CLANG_WARN_EMPTY_BODY = YES;
				CLANG_WARN_ENUM_CONVERSION = YES;
				CLANG_WARN_INFINITE_RECURSION = YES;
				CLANG_WARN_INT_CONVERSION = YES;
				CLANG_WARN_NON_LITERAL_NULL_CONVERSION = YES;
				CLANG_WARN_OBJC_IMPLICIT_RETAIN_SELF = YES;
				CLANG_WARN_OBJC_LITERAL_CONVERSION = YES;
				CLANG_WARN_OBJC_ROOT_CLASS = YES_ERROR;
				CLANG_WARN_QUOTED_INCLUDE_IN_FRAMEWORK_HEADER = YES;
				CLANG_WARN_RANGE_LOOP_ANALYSIS = YES;
				CLANG_WARN_STRICT_PROTOTYPES = YES;
				CLANG_WARN_SUSPICIOUS_MOVE = YES;
				CLANG_WARN_UNGUARDED_AVAILABILITY = YES_AGGRESSIVE;
				CLANG_WARN_UNREACHABLE_CODE = YES;
				CLANG_WARN__DUPLICATE_METHOD_MATCH = YES;
				COPY_PHASE_STRIP = NO;
				DEBUG_INFORMATION_FORMAT = "dwarf-with-dsym";
				ENABLE_NS_ASSERTIONS = NO;
				ENABLE_STRICT_OBJC_MSGSEND = YES;
				GCC_C_LANGUAGE_STANDARD = gnu11;
				GCC_NO_COMMON_BLOCKS = YES;
				GCC_WARN_64_TO_32_BIT_CONVERSION = YES;
				GCC_WARN_ABOUT_RETURN_TYPE = YES_ERROR;
				GCC_WARN_UNDECLARED_SELECTOR = YES;
				GCC_WARN_UNINITIALIZED_AUTOS = YES_AGGRESSIVE;
				GCC_WARN_UNUSED_FUNCTION = YES;
				GCC_WARN_UNUSED_VARIABLE = YES;
				IPHONEOS_DEPLOYMENT_TARGET = 16.4;
				MTL_ENABLE_DEBUG_INFO = NO;
				MTL_FAST_MATH = YES;
				SDKROOT = iphoneos;
				SWIFT_COMPILATION_MODE = wholemodule;
				SWIFT_OPTIMIZATION_LEVEL = "-O";
				VALIDATE_PRODUCT = YES;
			};
			name = Release;
		};
		5930D72D2A4B6B9C00E1DD13 /* Debug */ = {
			isa = XCBuildConfiguration;
			baseConfigurationReference = C665E20933D0820210A5B806 /* Pods-SpeechToImage.debug.xcconfig */;
			buildSettings = {
				ASSETCATALOG_COMPILER_APPICON_NAME = AppIcon;
				ASSETCATALOG_COMPILER_GLOBAL_ACCENT_COLOR_NAME = AccentColor;
				CODE_SIGN_ENTITLEMENTS = SpeechToImage/SpeechToImage.entitlements;
				CODE_SIGN_IDENTITY = "Apple Development";
				CODE_SIGN_STYLE = Automatic;
				CURRENT_PROJECT_VERSION = 1;
				DEVELOPMENT_TEAM = 8KM5WZUQM7;
				GENERATE_INFOPLIST_FILE = YES;
				INFOPLIST_FILE = SpeechToImage/Info.plist;
				INFOPLIST_KEY_NSMicrophoneUsageDescription = "Audio is recorded to transcribe the story. Audio recordings are discarded after transcription.";
				INFOPLIST_KEY_NSPhotoLibraryUsageDescription = "We want to save generated image";
				INFOPLIST_KEY_NSSpeechRecognitionUsageDescription = "You can view a text transcription of your story in the app";
				INFOPLIST_KEY_UIApplicationSupportsIndirectInputEvents = YES;
				INFOPLIST_KEY_UILaunchStoryboardName = LaunchScreen;
				INFOPLIST_KEY_UIMainStoryboardFile = Main;
				INFOPLIST_KEY_UISupportedInterfaceOrientations_iPad = "UIInterfaceOrientationPortrait UIInterfaceOrientationPortraitUpsideDown UIInterfaceOrientationLandscapeLeft UIInterfaceOrientationLandscapeRight";
				INFOPLIST_KEY_UISupportedInterfaceOrientations_iPhone = "UIInterfaceOrientationPortrait UIInterfaceOrientationLandscapeLeft UIInterfaceOrientationLandscapeRight";
				LD_RUNPATH_SEARCH_PATHS = (
					"$(inherited)",
					"@executable_path/Frameworks",
				);
				MARKETING_VERSION = 1.0;
				PRODUCT_BUNDLE_IDENTIFIER = "ua.edu.ukma.valeriia-ivanenko.SpeechToImage";
				PRODUCT_NAME = "$(TARGET_NAME)";
				PROVISIONING_PROFILE_SPECIFIER = "";
				SWIFT_EMIT_LOC_STRINGS = YES;
				SWIFT_VERSION = 5.0;
				TARGETED_DEVICE_FAMILY = "1,2";
			};
			name = Debug;
		};
		5930D72E2A4B6B9C00E1DD13 /* Release */ = {
			isa = XCBuildConfiguration;
			baseConfigurationReference = 324AE3AF02C6A5E984922F9F /* Pods-SpeechToImage.release.xcconfig */;
			buildSettings = {
				ASSETCATALOG_COMPILER_APPICON_NAME = AppIcon;
				ASSETCATALOG_COMPILER_GLOBAL_ACCENT_COLOR_NAME = AccentColor;
				CODE_SIGN_ENTITLEMENTS = SpeechToImage/SpeechToImage.entitlements;
				CODE_SIGN_IDENTITY = "Apple Development";
				CODE_SIGN_STYLE = Automatic;
				CURRENT_PROJECT_VERSION = 1;
				DEVELOPMENT_TEAM = 8KM5WZUQM7;
				GENERATE_INFOPLIST_FILE = YES;
				INFOPLIST_FILE = SpeechToImage/Info.plist;
				INFOPLIST_KEY_NSMicrophoneUsageDescription = "Audio is recorded to transcribe the story. Audio recordings are discarded after transcription.";
				INFOPLIST_KEY_NSPhotoLibraryUsageDescription = "We want to save generated image";
				INFOPLIST_KEY_NSSpeechRecognitionUsageDescription = "You can view a text transcription of your story in the app";
				INFOPLIST_KEY_UIApplicationSupportsIndirectInputEvents = YES;
				INFOPLIST_KEY_UILaunchStoryboardName = LaunchScreen;
				INFOPLIST_KEY_UIMainStoryboardFile = Main;
				INFOPLIST_KEY_UISupportedInterfaceOrientations_iPad = "UIInterfaceOrientationPortrait UIInterfaceOrientationPortraitUpsideDown UIInterfaceOrientationLandscapeLeft UIInterfaceOrientationLandscapeRight";
				INFOPLIST_KEY_UISupportedInterfaceOrientations_iPhone = "UIInterfaceOrientationPortrait UIInterfaceOrientationLandscapeLeft UIInterfaceOrientationLandscapeRight";
				LD_RUNPATH_SEARCH_PATHS = (
					"$(inherited)",
					"@executable_path/Frameworks",
				);
				MARKETING_VERSION = 1.0;
				PRODUCT_BUNDLE_IDENTIFIER = "ua.edu.ukma.valeriia-ivanenko.SpeechToImage";
				PRODUCT_NAME = "$(TARGET_NAME)";
				PROVISIONING_PROFILE_SPECIFIER = "";
				SWIFT_EMIT_LOC_STRINGS = YES;
				SWIFT_VERSION = 5.0;
				TARGETED_DEVICE_FAMILY = "1,2";
			};
			name = Release;
		};
/* End XCBuildConfiguration section */

/* Begin XCConfigurationList section */
		5930D7132A4B6B9A00E1DD13 /* Build configuration list for PBXProject "SpeechToImage" */ = {
			isa = XCConfigurationList;
			buildConfigurations = (
				5930D72A2A4B6B9C00E1DD13 /* Debug */,
				5930D72B2A4B6B9C00E1DD13 /* Release */,
			);
			defaultConfigurationIsVisible = 0;
			defaultConfigurationName = Release;
		};
		5930D72C2A4B6B9C00E1DD13 /* Build configuration list for PBXNativeTarget "SpeechToImage" */ = {
			isa = XCConfigurationList;
			buildConfigurations = (
				5930D72D2A4B6B9C00E1DD13 /* Debug */,
				5930D72E2A4B6B9C00E1DD13 /* Release */,
			);
			defaultConfigurationIsVisible = 0;
			defaultConfigurationName = Release;
		};
/* End XCConfigurationList section */

/* Begin XCRemoteSwiftPackageReference section */
		59303D562A52B9C6008FC1DB /* XCRemoteSwiftPackageReference "ml-stable-diffusion" */ = {
			isa = XCRemoteSwiftPackageReference;
			repositoryURL = "https://github.com/apple/ml-stable-diffusion";
			requirement = {
				kind = upToNextMajorVersion;
				minimumVersion = 0.2.0;
			};
		};
/* End XCRemoteSwiftPackageReference section */

/* Begin XCSwiftPackageProductDependency section */
		59303D572A52B9C6008FC1DB /* StableDiffusion */ = {
			isa = XCSwiftPackageProductDependency;
			package = 59303D562A52B9C6008FC1DB /* XCRemoteSwiftPackageReference "ml-stable-diffusion" */;
			productName = StableDiffusion;
		};
/* End XCSwiftPackageProductDependency section */
	};
	rootObject = 5930D7102A4B6B9A00E1DD13 /* Project object */;
}
